
Microsoft Visual Studio Solution File, Format Version 12.00
# Visual Studio Version 17
VisualStudioVersion = 17.13.35806.99 d17.13
MinimumVisualStudioVersion = 10.0.40219.1
Project("{FAE04EC0-301F-11D3-BF4B-00C04F79EFBC}") = "AplicativoWeb", "AplicativoWeb\AplicativoWeb.csproj", "{5C736D2D-FBC1-4CC9-ADD0-B7671CF34C4A}"
EndProject
Global
	GlobalSection(SolutionConfigurationPlatforms) = preSolution
		Debug|Any CPU = Debug|Any CPU
		Release|Any CPU = Release|Any CPU
	EndGlobalSection
	GlobalSection(ProjectConfigurationPlatforms) = postSolution
		{5C736D2D-FBC1-4CC9-ADD0-B7671CF34C4A}.Debug|Any CPU.ActiveCfg = Debug|Any CPU
		{5C736D2D-FBC1-4CC9-ADD0-B7671CF34C4A}.Debug|Any CPU.Build.0 = Debug|Any CPU
		{5C736D2D-FBC1-4CC9-ADD0-B7671CF34C4A}.Release|Any CPU.ActiveCfg = Release|Any CPU
		{5C736D2D-FBC1-4CC9-ADD0-B7671CF34C4A}.Release|Any CPU.Build.0 = Release|Any CPU
	EndGlobalSection
	GlobalSection(SolutionProperties) = preSolution
		HideSolutionNode = FALSE
	EndGlobalSection
	GlobalSection(ExtensibilityGlobals) = postSolution
		SolutionGuid = {17082365-0478-4C34-8150-08A6FB69456D}
	EndGlobalSection
EndGlobal
